
Microsoft Visual Studio Solution File, Format Version 12.00
# Visual Studio Version 17
VisualStudioVersion = 17.7.34031.279
MinimumVisualStudioVersion = 10.0.40219.1
Project("{FAE04EC0-301F-11D3-BF4B-00C04F79EFBC}") = "ConsoleApp2", "ConsoleApp2.csproj", "{33E5B1F6-7B30-4FF3-B7B3-ECCCD318B6B1}"
EndProject
Global
	GlobalSection(SolutionConfigurationPlatforms) = preSolution
		Debug|Any CPU = Debug|Any CPU
		Release|Any CPU = Release|Any CPU
	EndGlobalSection
	GlobalSection(ProjectConfigurationPlatforms) = postSolution
		{33E5B1F6-7B30-4FF3-B7B3-ECCCD318B6B1}.Debug|Any CPU.ActiveCfg = Debug|Any CPU
		{33E5B1F6-7B30-4FF3-B7B3-ECCCD318B6B1}.Debug|Any CPU.Build.0 = Debug|Any CPU
		{33E5B1F6-7B30-4FF3-B7B3-ECCCD318B6B1}.Release|Any CPU.ActiveCfg = Release|Any CPU
		{33E5B1F6-7B30-4FF3-B7B3-ECCCD318B6B1}.Release|Any CPU.Build.0 = Release|Any CPU
	EndGlobalSection
	GlobalSection(SolutionProperties) = preSolution
		HideSolutionNode = FALSE
	EndGlobalSection
	GlobalSection(ExtensibilityGlobals) = postSolution
		SolutionGuid = {3D31CC90-5EDF-4643-8B6C-B520E8CE46ED}
	EndGlobalSection
EndGlobal
